
Microsoft Visual Studio Solution File, Format Version 12.00
# Visual Studio 15
VisualStudioVersion = 15.0.28307.329
MinimumVisualStudioVersion = 10.0.40219.1
Project("{FAE04EC0-301F-11D3-BF4B-00C04F79EFBC}") = "ZeroMem", "ZeroMem\ZeroMem.csproj", "{1729B77D-81D7-4246-B220-79E1699A35C3}"
EndProject
Global
	GlobalSection(SolutionConfigurationPlatforms) = preSolution
		Debug|Any CPU = Debug|Any CPU
		Debug|x64 = Debug|x64
		Release|Any CPU = Release|Any CPU
		Release|x64 = Release|x64
	EndGlobalSection
	GlobalSection(ProjectConfigurationPlatforms) = postSolution
		{1729B77D-81D7-4246-B220-79E1699A35C3}.Debug|Any CPU.ActiveCfg = Debug|Any CPU
		{1729B77D-81D7-4246-B220-79E1699A35C3}.Debug|Any CPU.Build.0 = Debug|Any CPU
		{1729B77D-81D7-4246-B220-79E1699A35C3}.Debug|x64.ActiveCfg = Debug|x64
		{1729B77D-81D7-4246-B220-79E1699A35C3}.Debug|x64.Build.0 = Debug|x64
		{1729B77D-81D7-4246-B220-79E1699A35C3}.Release|Any CPU.ActiveCfg = Release|Any CPU
		{1729B77D-81D7-4246-B220-79E1699A35C3}.Release|Any CPU.Build.0 = Release|Any CPU
		{1729B77D-81D7-4246-B220-79E1699A35C3}.Release|x64.ActiveCfg = Release|x64
		{1729B77D-81D7-4246-B220-79E1699A35C3}.Release|x64.Build.0 = Release|x64
	EndGlobalSection
	GlobalSection(SolutionProperties) = preSolution
		HideSolutionNode = FALSE
	EndGlobalSection
	GlobalSection(ExtensibilityGlobals) = postSolution
		SolutionGuid = {037E2A87-1147-42DD-A4E6-E3BD366E6D59}
	EndGlobalSection
EndGlobal
